// !$*UTF8*$!
{
	archiveVersion = 1;
	classes = {
	};
	objectVersion = 46;
	objects = {

/* Begin PBXBuildFile section */
		4925202B1653B06400C95CB5 /* Foundation.framework in Frameworks */ = {isa = PBXBuildFile; fileRef = 4925202A1653B06300C95CB5 /* Foundation.framework */; };
		4925206F1653C86A00C95CB5 /* TLSidebarViewController.m in Sources */ = {isa = PBXBuildFile; fileRef = 4925206B1653C86A00C95CB5 /* TLSidebarViewController.m */; };
		492520701653C86A00C95CB5 /* UIViewController+TLSidebar.m in Sources */ = {isa = PBXBuildFile; fileRef = 4925206D1653C86A00C95CB5 /* UIViewController+TLSidebar.m */; };
		A56A13DF12D9C6C2CC02C58B /* TLSidebarSegue.m in Sources */ = {isa = PBXBuildFile; fileRef = A56A1141E2CBE13FB29FA3B7 /* TLSidebarSegue.m */; };
		A56A13F73C1FD5BB2FCA6FD3 /* TLSidebarSegue.h in CopyFiles */ = {isa = PBXBuildFile; fileRef = A56A123C7B37A9AA708E2D73 /* TLSidebarSegue.h */; };
/* End PBXBuildFile section */

/* Begin PBXCopyFilesBuildPhase section */
		492520251653B06300C95CB5 /* CopyFiles */ = {
			isa = PBXCopyFilesBuildPhase;
			buildActionMask = 2147483647;
			dstPath = "include/${PRODUCT_NAME}";
			dstSubfolderSpec = 16;
			files = (
				A56A13F73C1FD5BB2FCA6FD3 /* TLSidebarSegue.h in CopyFiles */,
			);
			runOnlyForDeploymentPostprocessing = 0;
		};
/* End PBXCopyFilesBuildPhase section */

/* Begin PBXFileReference section */
		492520271653B06300C95CB5 /* libTLSidebar.a */ = {isa = PBXFileReference; explicitFileType = archive.ar; includeInIndex = 0; path = libTLSidebar.a; sourceTree = BUILT_PRODUCTS_DIR; };
		4925202A1653B06300C95CB5 /* Foundation.framework */ = {isa = PBXFileReference; lastKnownFileType = wrapper.framework; name = Foundation.framework; path = System/Library/Frameworks/Foundation.framework; sourceTree = SDKROOT; };
		4925202E1653B06400C95CB5 /* TLSidebar-Prefix.pch */ = {isa = PBXFileReference; lastKnownFileType = sourcecode.c.h; path = "TLSidebar-Prefix.pch"; sourceTree = "<group>"; };
		4925206A1653C86A00C95CB5 /* TLSidebarViewController.h */ = {isa = PBXFileReference; fileEncoding = 4; lastKnownFileType = sourcecode.c.h; path = TLSidebarViewController.h; sourceTree = "<group>"; };
		4925206B1653C86A00C95CB5 /* TLSidebarViewController.m */ = {isa = PBXFileReference; fileEncoding = 4; lastKnownFileType = sourcecode.c.objc; path = TLSidebarViewController.m; sourceTree = "<group>"; };
		4925206C1653C86A00C95CB5 /* UIViewController+TLSidebar.h */ = {isa = PBXFileReference; fileEncoding = 4; lastKnownFileType = sourcecode.c.h; path = "UIViewController+TLSidebar.h"; sourceTree = "<group>"; };
		4925206D1653C86A00C95CB5 /* UIViewController+TLSidebar.m */ = {isa = PBXFileReference; fileEncoding = 4; lastKnownFileType = sourcecode.c.objc; path = "UIViewController+TLSidebar.m"; sourceTree = "<group>"; };
		A56A1141E2CBE13FB29FA3B7 /* TLSidebarSegue.m */ = {isa = PBXFileReference; fileEncoding = 4; lastKnownFileType = sourcecode.c.objc; path = TLSidebarSegue.m; sourceTree = "<group>"; };
		A56A123C7B37A9AA708E2D73 /* TLSidebarSegue.h */ = {isa = PBXFileReference; fileEncoding = 4; lastKnownFileType = sourcecode.c.h; path = TLSidebarSegue.h; sourceTree = "<group>"; };
/* End PBXFileReference section */

/* Begin PBXFrameworksBuildPhase section */
		492520241653B06300C95CB5 /* Frameworks */ = {
			isa = PBXFrameworksBuildPhase;
			buildActionMask = 2147483647;
			files = (
				4925202B1653B06400C95CB5 /* Foundation.framework in Frameworks */,
			);
			runOnlyForDeploymentPostprocessing = 0;
		};
/* End PBXFrameworksBuildPhase section */

/* Begin PBXGroup section */
		4925201C1653B06300C95CB5 = {
			isa = PBXGroup;
			children = (
				4925202C1653B06400C95CB5 /* TLSidebar */,
				492520291653B06300C95CB5 /* Frameworks */,
				492520281653B06300C95CB5 /* Products */,
			);
			sourceTree = "<group>";
		};
		492520281653B06300C95CB5 /* Products */ = {
			isa = PBXGroup;
			children = (
				492520271653B06300C95CB5 /* libTLSidebar.a */,
			);
			name = Products;
			sourceTree = "<group>";
		};
		492520291653B06300C95CB5 /* Frameworks */ = {
			isa = PBXGroup;
			children = (
				4925202A1653B06300C95CB5 /* Foundation.framework */,
			);
			name = Frameworks;
			sourceTree = "<group>";
		};
		4925202C1653B06400C95CB5 /* TLSidebar */ = {
			isa = PBXGroup;
			children = (
				4925206A1653C86A00C95CB5 /* TLSidebarViewController.h */,
				4925206B1653C86A00C95CB5 /* TLSidebarViewController.m */,
				4925206C1653C86A00C95CB5 /* UIViewController+TLSidebar.h */,
				4925206D1653C86A00C95CB5 /* UIViewController+TLSidebar.m */,
				4925202D1653B06400C95CB5 /* Supporting Files */,
				A56A1141E2CBE13FB29FA3B7 /* TLSidebarSegue.m */,
				A56A123C7B37A9AA708E2D73 /* TLSidebarSegue.h */,
			);
			path = TLSidebar;
			sourceTree = "<group>";
		};
		4925202D1653B06400C95CB5 /* Supporting Files */ = {
			isa = PBXGroup;
			children = (
				4925202E1653B06400C95CB5 /* TLSidebar-Prefix.pch */,
			);
			name = "Supporting Files";
			sourceTree = "<group>";
		};
/* End PBXGroup section */

/* Begin PBXNativeTarget section */
		492520261653B06300C95CB5 /* TLSidebar */ = {
			isa = PBXNativeTarget;
			buildConfigurationList = 492520351653B06400C95CB5 /* Build configuration list for PBXNativeTarget "TLSidebar" */;
			buildPhases = (
				492520231653B06300C95CB5 /* Sources */,
				492520241653B06300C95CB5 /* Frameworks */,
				492520251653B06300C95CB5 /* CopyFiles */,
			);
			buildRules = (
			);
			dependencies = (
			);
			name = TLSidebar;
			productName = TLSidebar;
			productReference = 492520271653B06300C95CB5 /* libTLSidebar.a */;
			productType = "com.apple.product-type.library.static";
		};
/* End PBXNativeTarget section */

/* Begin PBXProject section */
		4925201E1653B06300C95CB5 /* Project object */ = {
			isa = PBXProject;
			attributes = {
				LastUpgradeCheck = 0450;
				ORGANIZATIONNAME = TryLogic;
			};
			buildConfigurationList = 492520211653B06300C95CB5 /* Build configuration list for PBXProject "TLSidebar" */;
			compatibilityVersion = "Xcode 3.2";
			developmentRegion = English;
			hasScannedForEncodings = 0;
			knownRegions = (
				en,
			);
			mainGroup = 4925201C1653B06300C95CB5;
			productRefGroup = 492520281653B06300C95CB5 /* Products */;
			projectDirPath = "";
			projectRoot = "";
			targets = (
				492520261653B06300C95CB5 /* TLSidebar */,
			);
		};
/* End PBXProject section */

/* Begin PBXSourcesBuildPhase section */
		492520231653B06300C95CB5 /* Sources */ = {
			isa = PBXSourcesBuildPhase;
			buildActionMask = 2147483647;
			files = (
				4925206F1653C86A00C95CB5 /* TLSidebarViewController.m in Sources */,
				492520701653C86A00C95CB5 /* UIViewController+TLSidebar.m in Sources */,
				A56A13DF12D9C6C2CC02C58B /* TLSidebarSegue.m in Sources */,
			);
			runOnlyForDeploymentPostprocessing = 0;
		};
/* End PBXSourcesBuildPhase section */

/* Begin XCBuildConfiguration section */
		492520331653B06400C95CB5 /* Debug */ = {
			isa = XCBuildConfiguration;
			buildSettings = {
				ALWAYS_SEARCH_USER_PATHS = NO;
				CLANG_CXX_LANGUAGE_STANDARD = "gnu++0x";
				CLANG_CXX_LIBRARY = "libc++";
				CLANG_ENABLE_OBJC_ARC = YES;
				CLANG_WARN_EMPTY_BODY = YES;
				CLANG_WARN__DUPLICATE_METHOD_MATCH = YES;
				COPY_PHASE_STRIP = NO;
				GCC_C_LANGUAGE_STANDARD = gnu99;
				GCC_DYNAMIC_NO_PIC = NO;
				GCC_OPTIMIZATION_LEVEL = 0;
				GCC_PREPROCESSOR_DEFINITIONS = (
					"DEBUG=1",
					"$(inherited)",
				);
				GCC_SYMBOLS_PRIVATE_EXTERN = NO;
				GCC_WARN_ABOUT_RETURN_TYPE = YES;
				GCC_WARN_UNINITIALIZED_AUTOS = YES;
				GCC_WARN_UNUSED_VARIABLE = YES;
				IPHONEOS_DEPLOYMENT_TARGET = 5.0;
				ONLY_ACTIVE_ARCH = YES;
				SDKROOT = iphoneos;
			};
			name = Debug;
		};
		492520341653B06400C95CB5 /* Release */ = {
			isa = XCBuildConfiguration;
			buildSettings = {
				ALWAYS_SEARCH_USER_PATHS = NO;
				CLANG_CXX_LANGUAGE_STANDARD = "gnu++0x";
				CLANG_CXX_LIBRARY = "libc++";
				CLANG_ENABLE_OBJC_ARC = YES;
				CLANG_WARN_EMPTY_BODY = YES;
				CLANG_WARN__DUPLICATE_METHOD_MATCH = YES;
				COPY_PHASE_STRIP = YES;
				GCC_C_LANGUAGE_STANDARD = gnu99;
				GCC_WARN_ABOUT_RETURN_TYPE = YES;
				GCC_WARN_UNINITIALIZED_AUTOS = YES;
				GCC_WARN_UNUSED_VARIABLE = YES;
				IPHONEOS_DEPLOYMENT_TARGET = 5.0;
				SDKROOT = iphoneos;
				VALIDATE_PRODUCT = YES;
			};
			name = Release;
		};
		492520361653B06400C95CB5 /* Debug */ = {
			isa = XCBuildConfiguration;
			buildSettings = {
				DSTROOT = /tmp/TLSidebar.dst;
				GCC_PRECOMPILE_PREFIX_HEADER = YES;
				GCC_PREFIX_HEADER = "TLSidebar/TLSidebar-Prefix.pch";
				OTHER_LDFLAGS = "-ObjC";
				PRODUCT_NAME = "$(TARGET_NAME)";
				SKIP_INSTALL = YES;
			};
			name = Debug;
		};
		492520371653B06400C95CB5 /* Release */ = {
			isa = XCBuildConfiguration;
			buildSettings = {
				DSTROOT = /tmp/TLSidebar.dst;
				GCC_PRECOMPILE_PREFIX_HEADER = YES;
				GCC_PREFIX_HEADER = "TLSidebar/TLSidebar-Prefix.pch";
				OTHER_LDFLAGS = "-ObjC";
				PRODUCT_NAME = "$(TARGET_NAME)";
				SKIP_INSTALL = YES;
			};
			name = Release;
		};
/* End XCBuildConfiguration section */

/* Begin XCConfigurationList section */
		492520211653B06300C95CB5 /* Build configuration list for PBXProject "TLSidebar" */ = {
			isa = XCConfigurationList;
			buildConfigurations = (
				492520331653B06400C95CB5 /* Debug */,
				492520341653B06400C95CB5 /* Release */,
			);
			defaultConfigurationIsVisible = 0;
			defaultConfigurationName = Release;
		};
		492520351653B06400C95CB5 /* Build configuration list for PBXNativeTarget "TLSidebar" */ = {
			isa = XCConfigurationList;
			buildConfigurations = (
				492520361653B06400C95CB5 /* Debug */,
				492520371653B06400C95CB5 /* Release */,
			);
			defaultConfigurationIsVisible = 0;
			defaultConfigurationName = Release;
		};
/* End XCConfigurationList section */
	};
	rootObject = 4925201E1653B06300C95CB5 /* Project object */;
}
